{
  "originHash" : "f3bc4ee10fc729af2a455c7574d007c35f89e296e55089e98a239805dc50067e",
  "pins" : [
    {
      "identity" : "kingfisher",
      "kind" : "remoteSourceControl",
      "location" : "https://github.com/onevcat/Kingfisher.git",
      "state" : {
        "revision" : "d30a5fad881137e2267f96a8e3fc35c58999bb94",
        "version" : "8.6.2"
      }
    },
    {
      "identity" : "translationkit",
      "kind" : "remoteSourceControl",
      "location" : "https://github.com/Eslzzyl/TranslationKit.git",
      "state" : {
        "branch" : "master",
        "revision" : "30c2ad6f272768b07e88e4125af38fbf06aa1ca0"
      }
    }
  ],
  "version" : 3
}
