{
  "originHash" : "c31a5cb72114762a237a9e441df540a01988cb5722a1350bf80fb5281c40c1b1",
  "pins" : [
    {
      "identity" : "gzipswift",
      "kind" : "remoteSourceControl",
      "location" : "https://github.com/1024jp/GzipSwift.git",
      "state" : {
        "revision" : "56bf51fdd2fe4b2cf254b2cf34aede3d7caccc6c",
        "version" : "6.1.0"
      }
    },
    {
      "identity" : "kingfisher",
      "kind" : "remoteSourceControl",
      "location" : "https://github.com/onevcat/Kingfisher.git",
      "state" : {
        "revision" : "d30a5fad881137e2267f96a8e3fc35c58999bb94",
        "version" : "8.6.2"
      }
    },
    {
      "identity" : "translationkit",
      "kind" : "remoteSourceControl",
      "location" : "https://github.com/Eslzzyl/TranslationKit.git",
      "state" : {
        "branch" : "master",
        "revision" : "30c2ad6f272768b07e88e4125af38fbf06aa1ca0"
      }
    }
  ],
  "version" : 3
}
